
Microsoft Visual Studio Solution File, Format Version 12.00
# Visual Studio 2012
Project("{FAE04EC0-301F-11D3-BF4B-00C04F79EFBC}") = "CognitiveEye", "CognitiveEye\CognitiveEye.csproj", "{354B9657-A33D-423E-BD19-2FBFA3B08480}"
EndProject
Project("{FAE04EC0-301F-11D3-BF4B-00C04F79EFBC}") = "CognitiveEye.iOS", "iOS\CognitiveEye.iOS.csproj", "{39223493-838B-4BE4-83C5-8621BF80F430}"
EndProject
Project("{FAE04EC0-301F-11D3-BF4B-00C04F79EFBC}") = "CognitiveEye.Droid", "Droid\CognitiveEye.Droid.csproj", "{DBCA85BA-017A-466D-A203-18ADC0E7679F}"
EndProject
Global
	GlobalSection(SolutionConfigurationPlatforms) = preSolution
		Debug|Any CPU = Debug|Any CPU
		Release|Any CPU = Release|Any CPU
		Debug|iPhoneSimulator = Debug|iPhoneSimulator
		Release|iPhone = Release|iPhone
		Release|iPhoneSimulator = Release|iPhoneSimulator
		Debug|iPhone = Debug|iPhone
	EndGlobalSection
	GlobalSection(ProjectConfigurationPlatforms) = postSolution
		{354B9657-A33D-423E-BD19-2FBFA3B08480}.Debug|Any CPU.ActiveCfg = Debug|Any CPU
		{354B9657-A33D-423E-BD19-2FBFA3B08480}.Debug|Any CPU.Build.0 = Debug|Any CPU
		{354B9657-A33D-423E-BD19-2FBFA3B08480}.Release|Any CPU.ActiveCfg = Release|Any CPU
		{354B9657-A33D-423E-BD19-2FBFA3B08480}.Release|Any CPU.Build.0 = Release|Any CPU
		{354B9657-A33D-423E-BD19-2FBFA3B08480}.Debug|iPhoneSimulator.ActiveCfg = Debug|Any CPU
		{354B9657-A33D-423E-BD19-2FBFA3B08480}.Debug|iPhoneSimulator.Build.0 = Debug|Any CPU
		{354B9657-A33D-423E-BD19-2FBFA3B08480}.Release|iPhone.ActiveCfg = Release|Any CPU
		{354B9657-A33D-423E-BD19-2FBFA3B08480}.Release|iPhone.Build.0 = Release|Any CPU
		{354B9657-A33D-423E-BD19-2FBFA3B08480}.Release|iPhoneSimulator.ActiveCfg = Release|Any CPU
		{354B9657-A33D-423E-BD19-2FBFA3B08480}.Release|iPhoneSimulator.Build.0 = Release|Any CPU
		{354B9657-A33D-423E-BD19-2FBFA3B08480}.Debug|iPhone.ActiveCfg = Debug|Any CPU
		{354B9657-A33D-423E-BD19-2FBFA3B08480}.Debug|iPhone.Build.0 = Debug|Any CPU
		{39223493-838B-4BE4-83C5-8621BF80F430}.Debug|Any CPU.ActiveCfg = Debug|iPhoneSimulator
		{39223493-838B-4BE4-83C5-8621BF80F430}.Debug|Any CPU.Build.0 = Debug|iPhoneSimulator
		{39223493-838B-4BE4-83C5-8621BF80F430}.Release|Any CPU.ActiveCfg = Release|iPhone
		{39223493-838B-4BE4-83C5-8621BF80F430}.Release|Any CPU.Build.0 = Release|iPhone
		{39223493-838B-4BE4-83C5-8621BF80F430}.Debug|iPhoneSimulator.ActiveCfg = Debug|iPhoneSimulator
		{39223493-838B-4BE4-83C5-8621BF80F430}.Debug|iPhoneSimulator.Build.0 = Debug|iPhoneSimulator
		{39223493-838B-4BE4-83C5-8621BF80F430}.Release|iPhone.ActiveCfg = Release|iPhone
		{39223493-838B-4BE4-83C5-8621BF80F430}.Release|iPhone.Build.0 = Release|iPhone
		{39223493-838B-4BE4-83C5-8621BF80F430}.Release|iPhoneSimulator.ActiveCfg = Release|iPhoneSimulator
		{39223493-838B-4BE4-83C5-8621BF80F430}.Release|iPhoneSimulator.Build.0 = Release|iPhoneSimulator
		{39223493-838B-4BE4-83C5-8621BF80F430}.Debug|iPhone.ActiveCfg = Debug|iPhone
		{39223493-838B-4BE4-83C5-8621BF80F430}.Debug|iPhone.Build.0 = Debug|iPhone
		{DBCA85BA-017A-466D-A203-18ADC0E7679F}.Debug|Any CPU.ActiveCfg = Debug|Any CPU
		{DBCA85BA-017A-466D-A203-18ADC0E7679F}.Debug|Any CPU.Build.0 = Debug|Any CPU
		{DBCA85BA-017A-466D-A203-18ADC0E7679F}.Release|Any CPU.ActiveCfg = Release|Any CPU
		{DBCA85BA-017A-466D-A203-18ADC0E7679F}.Release|Any CPU.Build.0 = Release|Any CPU
		{DBCA85BA-017A-466D-A203-18ADC0E7679F}.Debug|iPhoneSimulator.ActiveCfg = Debug|Any CPU
		{DBCA85BA-017A-466D-A203-18ADC0E7679F}.Debug|iPhoneSimulator.Build.0 = Debug|Any CPU
		{DBCA85BA-017A-466D-A203-18ADC0E7679F}.Release|iPhone.ActiveCfg = Release|Any CPU
		{DBCA85BA-017A-466D-A203-18ADC0E7679F}.Release|iPhone.Build.0 = Release|Any CPU
		{DBCA85BA-017A-466D-A203-18ADC0E7679F}.Release|iPhoneSimulator.ActiveCfg = Release|Any CPU
		{DBCA85BA-017A-466D-A203-18ADC0E7679F}.Release|iPhoneSimulator.Build.0 = Release|Any CPU
		{DBCA85BA-017A-466D-A203-18ADC0E7679F}.Debug|iPhone.ActiveCfg = Debug|Any CPU
		{DBCA85BA-017A-466D-A203-18ADC0E7679F}.Debug|iPhone.Build.0 = Debug|Any CPU
	EndGlobalSection
EndGlobal
